// !$*UTF8*$!
{
	archiveVersion = 1;
	classes = {
	};
	objectVersion = 46;
	objects = {

/* Begin PBXBuildFile section */
		186EA1011CD05F9F00B8C342 /* MBaseViewController.swift in Sources */ = {isa = PBXBuildFile; fileRef = 186EA0EF1CD05F9F00B8C342 /* MBaseViewController.swift */; };
		186EA1021CD05F9F00B8C342 /* Commen.swift in Sources */ = {isa = PBXBuildFile; fileRef = 186EA0F11CD05F9F00B8C342 /* Commen.swift */; };
		186EA1031CD05F9F00B8C342 /* HomeViewController.swift in Sources */ = {isa = PBXBuildFile; fileRef = 186EA0F41CD05F9F00B8C342 /* HomeViewController.swift */; };
		186EA1041CD05F9F00B8C342 /* CategoryHeader.swift in Sources */ = {isa = PBXBuildFile; fileRef = 186EA0F71CD05F9F00B8C342 /* CategoryHeader.swift */; };
		186EA1051CD05F9F00B8C342 /* MyInfoViewController.swift in Sources */ = {isa = PBXBuildFile; fileRef = 186EA0F91CD05F9F00B8C342 /* MyInfoViewController.swift */; };
		186EA1061CD05F9F00B8C342 /* MoreViewController.swift in Sources */ = {isa = PBXBuildFile; fileRef = 186EA0FB1CD05F9F00B8C342 /* MoreViewController.swift */; };
		186EA1071CD05F9F00B8C342 /* AppDelegate.swift in Sources */ = {isa = PBXBuildFile; fileRef = 186EA0FD1CD05F9F00B8C342 /* AppDelegate.swift */; };
		186EA1081CD05F9F00B8C342 /* MainTabBarViewController.swift in Sources */ = {isa = PBXBuildFile; fileRef = 186EA0FE1CD05F9F00B8C342 /* MainTabBarViewController.swift */; };
		186EA1091CD05F9F00B8C342 /* ShopViewController.swift in Sources */ = {isa = PBXBuildFile; fileRef = 186EA1001CD05F9F00B8C342 /* ShopViewController.swift */; };
		186EA10B1CD0621000B8C342 /* UIView+extension.swift in Sources */ = {isa = PBXBuildFile; fileRef = 186EA10A1CD0621000B8C342 /* UIView+extension.swift */; };
		186EA10E1CD06C8700B8C342 /* UIViewHelper.swift in Sources */ = {isa = PBXBuildFile; fileRef = 186EA10D1CD06C8700B8C342 /* UIViewHelper.swift */; };
		186EA1101CD0872B00B8C342 /* RobBuyHeader.swift in Sources */ = {isa = PBXBuildFile; fileRef = 186EA10F1CD0872B00B8C342 /* RobBuyHeader.swift */; };
		18D890E51CD33362005BAA62 /* TestModel.m in Sources */ = {isa = PBXBuildFile; fileRef = 18D890E41CD33362005BAA62 /* TestModel.m */; };
		18DC98651CD0AC2A006F3F21 /* MeiTuanNetUrl.swift in Sources */ = {isa = PBXBuildFile; fileRef = 18DC98641CD0AC2A006F3F21 /* MeiTuanNetUrl.swift */; };
		18E9354C1CBE2AE200A97828 /* Assets.xcassets in Resources */ = {isa = PBXBuildFile; fileRef = 18E9354B1CBE2AE200A97828 /* Assets.xcassets */; };
		18E9354F1CBE2AE200A97828 /* LaunchScreen.storyboard in Resources */ = {isa = PBXBuildFile; fileRef = 18E9354D1CBE2AE200A97828 /* LaunchScreen.storyboard */; };
		18E9355A1CBE2AE200A97828 /* MeiTuanTests.swift in Sources */ = {isa = PBXBuildFile; fileRef = 18E935591CBE2AE200A97828 /* MeiTuanTests.swift */; };
		18E935651CBE2AE300A97828 /* MeiTuanUITests.swift in Sources */ = {isa = PBXBuildFile; fileRef = 18E935641CBE2AE300A97828 /* MeiTuanUITests.swift */; };
		C4CD37E673A97ECE6D678549 /* libPods.a in Frameworks */ = {isa = PBXBuildFile; fileRef = BAC2A2FEA0E3F1F510A31524 /* libPods.a */; };
/* End PBXBuildFile section */

/* Begin PBXContainerItemProxy section */
		18E935561CBE2AE200A97828 /* PBXContainerItemProxy */ = {
			isa = PBXContainerItemProxy;
			containerPortal = 18E935391CBE2AE200A97828 /* Project object */;
			proxyType = 1;
			remoteGlobalIDString = 18E935401CBE2AE200A97828;
			remoteInfo = MeiTuan;
		};
		18E935611CBE2AE300A97828 /* PBXContainerItemProxy */ = {
			isa = PBXContainerItemProxy;
			containerPortal = 18E935391CBE2AE200A97828 /* Project object */;
			proxyType = 1;
			remoteGlobalIDString = 18E935401CBE2AE200A97828;
			remoteInfo = MeiTuan;
		};
/* End PBXContainerItemProxy section */

/* Begin PBXFileReference section */
		186EA0EF1CD05F9F00B8C342 /* MBaseViewController.swift */ = {isa = PBXFileReference; fileEncoding = 4; lastKnownFileType = sourcecode.swift; path = MBaseViewController.swift; sourceTree = "<group>"; };
		186EA0F11CD05F9F00B8C342 /* Commen.swift */ = {isa = PBXFileReference; fileEncoding = 4; lastKnownFileType = sourcecode.swift; path = Commen.swift; sourceTree = "<group>"; };
		186EA0F41CD05F9F00B8C342 /* HomeViewController.swift */ = {isa = PBXFileReference; fileEncoding = 4; lastKnownFileType = sourcecode.swift; path = HomeViewController.swift; sourceTree = "<group>"; };
		186EA0F71CD05F9F00B8C342 /* CategoryHeader.swift */ = {isa = PBXFileReference; fileEncoding = 4; lastKnownFileType = sourcecode.swift; path = CategoryHeader.swift; sourceTree = "<group>"; };
		186EA0F91CD05F9F00B8C342 /* MyInfoViewController.swift */ = {isa = PBXFileReference; fileEncoding = 4; lastKnownFileType = sourcecode.swift; path = MyInfoViewController.swift; sourceTree = "<group>"; };
		186EA0FB1CD05F9F00B8C342 /* MoreViewController.swift */ = {isa = PBXFileReference; fileEncoding = 4; lastKnownFileType = sourcecode.swift; path = MoreViewController.swift; sourceTree = "<group>"; };
		186EA0FD1CD05F9F00B8C342 /* AppDelegate.swift */ = {isa = PBXFileReference; fileEncoding = 4; lastKnownFileType = sourcecode.swift; path = AppDelegate.swift; sourceTree = "<group>"; };
		186EA0FE1CD05F9F00B8C342 /* MainTabBarViewController.swift */ = {isa = PBXFileReference; fileEncoding = 4; lastKnownFileType = sourcecode.swift; path = MainTabBarViewController.swift; sourceTree = "<group>"; };
		186EA1001CD05F9F00B8C342 /* ShopViewController.swift */ = {isa = PBXFileReference; fileEncoding = 4; lastKnownFileType = sourcecode.swift; path = ShopViewController.swift; sourceTree = "<group>"; };
		186EA10A1CD0621000B8C342 /* UIView+extension.swift */ = {isa = PBXFileReference; fileEncoding = 4; lastKnownFileType = sourcecode.swift; path = "UIView+extension.swift"; sourceTree = "<group>"; };
		186EA10D1CD06C8700B8C342 /* UIViewHelper.swift */ = {isa = PBXFileReference; fileEncoding = 4; lastKnownFileType = sourcecode.swift; path = UIViewHelper.swift; sourceTree = "<group>"; };
		186EA10F1CD0872B00B8C342 /* RobBuyHeader.swift */ = {isa = PBXFileReference; fileEncoding = 4; lastKnownFileType = sourcecode.swift; path = RobBuyHeader.swift; sourceTree = "<group>"; };
		18D890E21CD331D6005BAA62 /* MeiTuan+bridging+Header.h */ = {isa = PBXFileReference; fileEncoding = 4; lastKnownFileType = sourcecode.c.h; path = "MeiTuan+bridging+Header.h"; sourceTree = "<group>"; };
		18D890E31CD33362005BAA62 /* TestModel.h */ = {isa = PBXFileReference; fileEncoding = 4; lastKnownFileType = sourcecode.c.h; path = TestModel.h; sourceTree = "<group>"; };
		18D890E41CD33362005BAA62 /* TestModel.m */ = {isa = PBXFileReference; fileEncoding = 4; lastKnownFileType = sourcecode.c.objc; path = TestModel.m; sourceTree = "<group>"; };
		18DC98641CD0AC2A006F3F21 /* MeiTuanNetUrl.swift */ = {isa = PBXFileReference; fileEncoding = 4; lastKnownFileType = sourcecode.swift; path = MeiTuanNetUrl.swift; sourceTree = "<group>"; };
		18E935411CBE2AE200A97828 /* MeiTuan.app */ = {isa = PBXFileReference; explicitFileType = wrapper.application; includeInIndex = 0; path = MeiTuan.app; sourceTree = BUILT_PRODUCTS_DIR; };
		18E9354B1CBE2AE200A97828 /* Assets.xcassets */ = {isa = PBXFileReference; lastKnownFileType = folder.assetcatalog; path = Assets.xcassets; sourceTree = "<group>"; };
		18E9354E1CBE2AE200A97828 /* Base */ = {isa = PBXFileReference; lastKnownFileType = file.storyboard; name = Base; path = Base.lproj/LaunchScreen.storyboard; sourceTree = "<group>"; };
		18E935501CBE2AE200A97828 /* Info.plist */ = {isa = PBXFileReference; lastKnownFileType = text.plist.xml; path = Info.plist; sourceTree = "<group>"; };
		18E935551CBE2AE200A97828 /* MeiTuanTests.xctest */ = {isa = PBXFileReference; explicitFileType = wrapper.cfbundle; includeInIndex = 0; path = MeiTuanTests.xctest; sourceTree = BUILT_PRODUCTS_DIR; };
		18E935591CBE2AE200A97828 /* MeiTuanTests.swift */ = {isa = PBXFileReference; lastKnownFileType = sourcecode.swift; path = MeiTuanTests.swift; sourceTree = "<group>"; };
		18E9355B1CBE2AE200A97828 /* Info.plist */ = {isa = PBXFileReference; lastKnownFileType = text.plist.xml; path = Info.plist; sourceTree = "<group>"; };
		18E935601CBE2AE300A97828 /* MeiTuanUITests.xctest */ = {isa = PBXFileReference; explicitFileType = wrapper.cfbundle; includeInIndex = 0; path = MeiTuanUITests.xctest; sourceTree = BUILT_PRODUCTS_DIR; };
		18E935641CBE2AE300A97828 /* MeiTuanUITests.swift */ = {isa = PBXFileReference; lastKnownFileType = sourcecode.swift; path = MeiTuanUITests.swift; sourceTree = "<group>"; };
		18E935661CBE2AE300A97828 /* Info.plist */ = {isa = PBXFileReference; lastKnownFileType = text.plist.xml; path = Info.plist; sourceTree = "<group>"; };
		BAC2A2FEA0E3F1F510A31524 /* libPods.a */ = {isa = PBXFileReference; explicitFileType = archive.ar; includeInIndex = 0; path = libPods.a; sourceTree = BUILT_PRODUCTS_DIR; };
		CF2310E0AF4EE1BA639B2FCC /* Pods.debug.xcconfig */ = {isa = PBXFileReference; includeInIndex = 1; lastKnownFileType = text.xcconfig; name = Pods.debug.xcconfig; path = "Pods/Target Support Files/Pods/Pods.debug.xcconfig"; sourceTree = "<group>"; };
		E4466D0B634A32B39909AE91 /* Pods.release.xcconfig */ = {isa = PBXFileReference; includeInIndex = 1; lastKnownFileType = text.xcconfig; name = Pods.release.xcconfig; path = "Pods/Target Support Files/Pods/Pods.release.xcconfig"; sourceTree = "<group>"; };
/* End PBXFileReference section */

/* Begin PBXFrameworksBuildPhase section */
		18E9353E1CBE2AE200A97828 /* Frameworks */ = {
			isa = PBXFrameworksBuildPhase;
			buildActionMask = 2147483647;
			files = (
				C4CD37E673A97ECE6D678549 /* libPods.a in Frameworks */,
			);
			runOnlyForDeploymentPostprocessing = 0;
		};
		18E935521CBE2AE200A97828 /* Frameworks */ = {
			isa = PBXFrameworksBuildPhase;
			buildActionMask = 2147483647;
			files = (
			);
			runOnlyForDeploymentPostprocessing = 0;
		};
		18E9355D1CBE2AE300A97828 /* Frameworks */ = {
			isa = PBXFrameworksBuildPhase;
			buildActionMask = 2147483647;
			files = (
			);
			runOnlyForDeploymentPostprocessing = 0;
		};
/* End PBXFrameworksBuildPhase section */

/* Begin PBXGroup section */
		186EA0EE1CD05F9F00B8C342 /* Base */ = {
			isa = PBXGroup;
			children = (
				186EA0EF1CD05F9F00B8C342 /* MBaseViewController.swift */,
			);
			name = Base;
			path = MeiTuan/Base;
			sourceTree = "<group>";
		};
		186EA0F01CD05F9F00B8C342 /* Commen */ = {
			isa = PBXGroup;
			children = (
				186EA0F11CD05F9F00B8C342 /* Commen.swift */,
				186EA10A1CD0621000B8C342 /* UIView+extension.swift */,
				186EA10D1CD06C8700B8C342 /* UIViewHelper.swift */,
				18DC98641CD0AC2A006F3F21 /* MeiTuanNetUrl.swift */,
			);
			name = Commen;
			path = MeiTuan/Commen;
			sourceTree = "<group>";
		};
		186EA0F21CD05F9F00B8C342 /* Home */ = {
			isa = PBXGroup;
			children = (
				186EA0F31CD05F9F00B8C342 /* Controller */,
				186EA0F51CD05F9F00B8C342 /* Model */,
				186EA0F61CD05F9F00B8C342 /* View */,
			);
			path = Home;
			sourceTree = "<group>";
		};
		186EA0F31CD05F9F00B8C342 /* Controller */ = {
			isa = PBXGroup;
			children = (
				186EA0F41CD05F9F00B8C342 /* HomeViewController.swift */,
			);
			path = Controller;
			sourceTree = "<group>";
		};
		186EA0F51CD05F9F00B8C342 /* Model */ = {
			isa = PBXGroup;
			children = (
			);
			path = Model;
			sourceTree = "<group>";
		};
		186EA0F61CD05F9F00B8C342 /* View */ = {
			isa = PBXGroup;
			children = (
				186EA0F71CD05F9F00B8C342 /* CategoryHeader.swift */,
				186EA10F1CD0872B00B8C342 /* RobBuyHeader.swift */,
			);
			path = View;
			sourceTree = "<group>";
		};
		186EA0F81CD05F9F00B8C342 /* Mine */ = {
			isa = PBXGroup;
			children = (
				186EA0F91CD05F9F00B8C342 /* MyInfoViewController.swift */,
			);
			path = Mine;
			sourceTree = "<group>";
		};
		186EA0FA1CD05F9F00B8C342 /* More */ = {
			isa = PBXGroup;
			children = (
				186EA0FB1CD05F9F00B8C342 /* MoreViewController.swift */,
			);
			path = More;
			sourceTree = "<group>";
		};
		186EA0FC1CD05F9F00B8C342 /* Root */ = {
			isa = PBXGroup;
			children = (
				186EA0FD1CD05F9F00B8C342 /* AppDelegate.swift */,
				186EA0FE1CD05F9F00B8C342 /* MainTabBarViewController.swift */,
			);
			path = Root;
			sourceTree = "<group>";
		};
		186EA0FF1CD05F9F00B8C342 /* Seller */ = {
			isa = PBXGroup;
			children = (
				186EA1001CD05F9F00B8C342 /* ShopViewController.swift */,
			);
			path = Seller;
			sourceTree = "<group>";
		};
		18E935381CBE2AE200A97828 = {
			isa = PBXGroup;
			children = (
				18E935431CBE2AE200A97828 /* MeiTuan */,
				186EA0EE1CD05F9F00B8C342 /* Base */,
				186EA0F01CD05F9F00B8C342 /* Commen */,
				18E9357A1CBE341D00A97828 /* Sourse */,
				18E935581CBE2AE200A97828 /* MeiTuanTests */,
				18E935631CBE2AE300A97828 /* MeiTuanUITests */,
				18E935421CBE2AE200A97828 /* Products */,
				B878C952D81181197A325AE2 /* Frameworks */,
				5DC71BB8113A139ACDEB928B /* Pods */,
			);
			sourceTree = "<group>";
		};
		18E935421CBE2AE200A97828 /* Products */ = {
			isa = PBXGroup;
			children = (
				18E935411CBE2AE200A97828 /* MeiTuan.app */,
				18E935551CBE2AE200A97828 /* MeiTuanTests.xctest */,
				18E935601CBE2AE300A97828 /* MeiTuanUITests.xctest */,
			);
			name = Products;
			sourceTree = "<group>";
		};
		18E935431CBE2AE200A97828 /* MeiTuan */ = {
			isa = PBXGroup;
			children = (
				18D890E21CD331D6005BAA62 /* MeiTuan+bridging+Header.h */,
				186EA0F21CD05F9F00B8C342 /* Home */,
				186EA0F81CD05F9F00B8C342 /* Mine */,
				186EA0FA1CD05F9F00B8C342 /* More */,
				186EA0FC1CD05F9F00B8C342 /* Root */,
				186EA0FF1CD05F9F00B8C342 /* Seller */,
				18D890E31CD33362005BAA62 /* TestModel.h */,
				18D890E41CD33362005BAA62 /* TestModel.m */,
			);
			path = MeiTuan;
			sourceTree = "<group>";
		};
		18E935581CBE2AE200A97828 /* MeiTuanTests */ = {
			isa = PBXGroup;
			children = (
				18E935591CBE2AE200A97828 /* MeiTuanTests.swift */,
				18E9355B1CBE2AE200A97828 /* Info.plist */,
			);
			path = MeiTuanTests;
			sourceTree = "<group>";
		};
		18E935631CBE2AE300A97828 /* MeiTuanUITests */ = {
			isa = PBXGroup;
			children = (
				18E935641CBE2AE300A97828 /* MeiTuanUITests.swift */,
				18E935661CBE2AE300A97828 /* Info.plist */,
			);
			path = MeiTuanUITests;
			sourceTree = "<group>";
		};
		18E9357A1CBE341D00A97828 /* Sourse */ = {
			isa = PBXGroup;
			children = (
				18E9354B1CBE2AE200A97828 /* Assets.xcassets */,
				18E9354D1CBE2AE200A97828 /* LaunchScreen.storyboard */,
				18E935501CBE2AE200A97828 /* Info.plist */,
			);
			name = Sourse;
			path = MeiTuan;
			sourceTree = "<group>";
		};
		5DC71BB8113A139ACDEB928B /* Pods */ = {
			isa = PBXGroup;
			children = (
				CF2310E0AF4EE1BA639B2FCC /* Pods.debug.xcconfig */,
				E4466D0B634A32B39909AE91 /* Pods.release.xcconfig */,
			);
			name = Pods;
			sourceTree = "<group>";
		};
		B878C952D81181197A325AE2 /* Frameworks */ = {
			isa = PBXGroup;
			children = (
				BAC2A2FEA0E3F1F510A31524 /* libPods.a */,
			);
			name = Frameworks;
			sourceTree = "<group>";
		};
/* End PBXGroup section */

/* Begin PBXNativeTarget section */
		18E935401CBE2AE200A97828 /* MeiTuan */ = {
			isa = PBXNativeTarget;
			buildConfigurationList = 18E935691CBE2AE300A97828 /* Build configuration list for PBXNativeTarget "MeiTuan" */;
			buildPhases = (
				927BB8987D9FCA0871874749 /* Check Pods Manifest.lock */,
				18E9353D1CBE2AE200A97828 /* Sources */,
				18E9353E1CBE2AE200A97828 /* Frameworks */,
				18E9353F1CBE2AE200A97828 /* Resources */,
				373E132A31F451819C2B42DC /* Embed Pods Frameworks */,
				29D53038AE658CCE3147C19C /* Copy Pods Resources */,
			);
			buildRules = (
			);
			dependencies = (
			);
			name = MeiTuan;
			productName = MeiTuan;
			productReference = 18E935411CBE2AE200A97828 /* MeiTuan.app */;
			productType = "com.apple.product-type.application";
		};
		18E935541CBE2AE200A97828 /* MeiTuanTests */ = {
			isa = PBXNativeTarget;
			buildConfigurationList = 18E9356C1CBE2AE300A97828 /* Build configuration list for PBXNativeTarget "MeiTuanTests" */;
			buildPhases = (
				18E935511CBE2AE200A97828 /* Sources */,
				18E935521CBE2AE200A97828 /* Frameworks */,
				18E935531CBE2AE200A97828 /* Resources */,
			);
			buildRules = (
			);
			dependencies = (
				18E935571CBE2AE200A97828 /* PBXTargetDependency */,
			);
			name = MeiTuanTests;
			productName = MeiTuanTests;
			productReference = 18E935551CBE2AE200A97828 /* MeiTuanTests.xctest */;
			productType = "com.apple.product-type.bundle.unit-test";
		};
		18E9355F1CBE2AE300A97828 /* MeiTuanUITests */ = {
			isa = PBXNativeTarget;
			buildConfigurationList = 18E9356F1CBE2AE300A97828 /* Build configuration list for PBXNativeTarget "MeiTuanUITests" */;
			buildPhases = (
				18E9355C1CBE2AE300A97828 /* Sources */,
				18E9355D1CBE2AE300A97828 /* Frameworks */,
				18E9355E1CBE2AE300A97828 /* Resources */,
			);
			buildRules = (
			);
			dependencies = (
				18E935621CBE2AE300A97828 /* PBXTargetDependency */,
			);
			name = MeiTuanUITests;
			productName = MeiTuanUITests;
			productReference = 18E935601CBE2AE300A97828 /* MeiTuanUITests.xctest */;
			productType = "com.apple.product-type.bundle.ui-testing";
		};
/* End PBXNativeTarget section */

/* Begin PBXProject section */
		18E935391CBE2AE200A97828 /* Project object */ = {
			isa = PBXProject;
			attributes = {
				LastSwiftUpdateCheck = 0720;
				LastUpgradeCheck = 0720;
				ORGANIZATIONNAME = Duxuechao;
				TargetAttributes = {
					18E935401CBE2AE200A97828 = {
						CreatedOnToolsVersion = 7.2;
					};
					18E935541CBE2AE200A97828 = {
						CreatedOnToolsVersion = 7.2;
						TestTargetID = 18E935401CBE2AE200A97828;
					};
					18E9355F1CBE2AE300A97828 = {
						CreatedOnToolsVersion = 7.2;
						TestTargetID = 18E935401CBE2AE200A97828;
					};
				};
			};
			buildConfigurationList = 18E9353C1CBE2AE200A97828 /* Build configuration list for PBXProject "MeiTuan" */;
			compatibilityVersion = "Xcode 3.2";
			developmentRegion = English;
			hasScannedForEncodings = 0;
			knownRegions = (
				en,
				Base,
			);
			mainGroup = 18E935381CBE2AE200A97828;
			productRefGroup = 18E935421CBE2AE200A97828 /* Products */;
			projectDirPath = "";
			projectRoot = "";
			targets = (
				18E935401CBE2AE200A97828 /* MeiTuan */,
				18E935541CBE2AE200A97828 /* MeiTuanTests */,
				18E9355F1CBE2AE300A97828 /* MeiTuanUITests */,
			);
		};
/* End PBXProject section */

/* Begin PBXResourcesBuildPhase section */
		18E9353F1CBE2AE200A97828 /* Resources */ = {
			isa = PBXResourcesBuildPhase;
			buildActionMask = 2147483647;
			files = (
				18E9354F1CBE2AE200A97828 /* LaunchScreen.storyboard in Resources */,
				18E9354C1CBE2AE200A97828 /* Assets.xcassets in Resources */,
			);
			runOnlyForDeploymentPostprocessing = 0;
		};
		18E935531CBE2AE200A97828 /* Resources */ = {
			isa = PBXResourcesBuildPhase;
			buildActionMask = 2147483647;
			files = (
			);
			runOnlyForDeploymentPostprocessing = 0;
		};
		18E9355E1CBE2AE300A97828 /* Resources */ = {
			isa = PBXResourcesBuildPhase;
			buildActionMask = 2147483647;
			files = (
			);
			runOnlyForDeploymentPostprocessing = 0;
		};
/* End PBXResourcesBuildPhase section */

/* Begin PBXShellScriptBuildPhase section */
		29D53038AE658CCE3147C19C /* Copy Pods Resources */ = {
			isa = PBXShellScriptBuildPhase;
			buildActionMask = 2147483647;
			files = (
			);
			inputPaths = (
			);
			name = "Copy Pods Resources";
			outputPaths = (
			);
			runOnlyForDeploymentPostprocessing = 0;
			shellPath = /bin/sh;
			shellScript = "\"${SRCROOT}/Pods/Target Support Files/Pods/Pods-resources.sh\"\n";
			showEnvVarsInLog = 0;
		};
		373E132A31F451819C2B42DC /* Embed Pods Frameworks */ = {
			isa = PBXShellScriptBuildPhase;
			buildActionMask = 2147483647;
			files = (
			);
			inputPaths = (
			);
			name = "Embed Pods Frameworks";
			outputPaths = (
			);
			runOnlyForDeploymentPostprocessing = 0;
			shellPath = /bin/sh;
			shellScript = "\"${SRCROOT}/Pods/Target Support Files/Pods/Pods-frameworks.sh\"\n";
			showEnvVarsInLog = 0;
		};
		927BB8987D9FCA0871874749 /* Check Pods Manifest.lock */ = {
			isa = PBXShellScriptBuildPhase;
			buildActionMask = 2147483647;
			files = (
			);
			inputPaths = (
			);
			name = "Check Pods Manifest.lock";
			outputPaths = (
			);
			runOnlyForDeploymentPostprocessing = 0;
			shellPath = /bin/sh;
			shellScript = "diff \"${PODS_ROOT}/../Podfile.lock\" \"${PODS_ROOT}/Manifest.lock\" > /dev/null\nif [[ $? != 0 ]] ; then\n    cat << EOM\nerror: The sandbox is not in sync with the Podfile.lock. Run 'pod install' or update your CocoaPods installation.\nEOM\n    exit 1\nfi\n";
			showEnvVarsInLog = 0;
		};
/* End PBXShellScriptBuildPhase section */

/* Begin PBXSourcesBuildPhase section */
		18E9353D1CBE2AE200A97828 /* Sources */ = {
			isa = PBXSourcesBuildPhase;
			buildActionMask = 2147483647;
			files = (
				186EA10B1CD0621000B8C342 /* UIView+extension.swift in Sources */,
				186EA10E1CD06C8700B8C342 /* UIViewHelper.swift in Sources */,
				186EA1021CD05F9F00B8C342 /* Commen.swift in Sources */,
				18DC98651CD0AC2A006F3F21 /* MeiTuanNetUrl.swift in Sources */,
				186EA1081CD05F9F00B8C342 /* MainTabBarViewController.swift in Sources */,
				18D890E51CD33362005BAA62 /* TestModel.m in Sources */,
				186EA1091CD05F9F00B8C342 /* ShopViewController.swift in Sources */,
				186EA1101CD0872B00B8C342 /* RobBuyHeader.swift in Sources */,
				186EA1011CD05F9F00B8C342 /* MBaseViewController.swift in Sources */,
				186EA1051CD05F9F00B8C342 /* MyInfoViewController.swift in Sources */,
				186EA1061CD05F9F00B8C342 /* MoreViewController.swift in Sources */,
				186EA1071CD05F9F00B8C342 /* AppDelegate.swift in Sources */,
				186EA1041CD05F9F00B8C342 /* CategoryHeader.swift in Sources */,
				186EA1031CD05F9F00B8C342 /* HomeViewController.swift in Sources */,
			);
			runOnlyForDeploymentPostprocessing = 0;
		};
		18E935511CBE2AE200A97828 /* Sources */ = {
			isa = PBXSourcesBuildPhase;
			buildActionMask = 2147483647;
			files = (
				18E9355A1CBE2AE200A97828 /* MeiTuanTests.swift in Sources */,
			);
			runOnlyForDeploymentPostprocessing = 0;
		};
		18E9355C1CBE2AE300A97828 /* Sources */ = {
			isa = PBXSourcesBuildPhase;
			buildActionMask = 2147483647;
			files = (
				18E935651CBE2AE300A97828 /* MeiTuanUITests.swift in Sources */,
			);
			runOnlyForDeploymentPostprocessing = 0;
		};
/* End PBXSourcesBuildPhase section */

/* Begin PBXTargetDependency section */
		18E935571CBE2AE200A97828 /* PBXTargetDependency */ = {
			isa = PBXTargetDependency;
			target = 18E935401CBE2AE200A97828 /* MeiTuan */;
			targetProxy = 18E935561CBE2AE200A97828 /* PBXContainerItemProxy */;
		};
		18E935621CBE2AE300A97828 /* PBXTargetDependency */ = {
			isa = PBXTargetDependency;
			target = 18E935401CBE2AE200A97828 /* MeiTuan */;
			targetProxy = 18E935611CBE2AE300A97828 /* PBXContainerItemProxy */;
		};
/* End PBXTargetDependency section */

/* Begin PBXVariantGroup section */
		18E9354D1CBE2AE200A97828 /* LaunchScreen.storyboard */ = {
			isa = PBXVariantGroup;
			children = (
				18E9354E1CBE2AE200A97828 /* Base */,
			);
			name = LaunchScreen.storyboard;
			sourceTree = "<group>";
		};
/* End PBXVariantGroup section */

/* Begin XCBuildConfiguration section */
		18E935671CBE2AE300A97828 /* Debug */ = {
			isa = XCBuildConfiguration;
			buildSettings = {
				ALWAYS_SEARCH_USER_PATHS = NO;
				CLANG_CXX_LANGUAGE_STANDARD = "gnu++0x";
				CLANG_CXX_LIBRARY = "libc++";
				CLANG_ENABLE_MODULES = YES;
				CLANG_ENABLE_OBJC_ARC = YES;
				CLANG_WARN_BOOL_CONVERSION = YES;
				CLANG_WARN_CONSTANT_CONVERSION = YES;
				CLANG_WARN_DIRECT_OBJC_ISA_USAGE = YES_ERROR;
				CLANG_WARN_EMPTY_BODY = YES;
				CLANG_WARN_ENUM_CONVERSION = YES;
				CLANG_WARN_INT_CONVERSION = YES;
				CLANG_WARN_OBJC_ROOT_CLASS = YES_ERROR;
				CLANG_WARN_UNREACHABLE_CODE = YES;
				CLANG_WARN__DUPLICATE_METHOD_MATCH = YES;
				"CODE_SIGN_IDENTITY[sdk=iphoneos*]" = "iPhone Developer";
				COPY_PHASE_STRIP = NO;
				DEBUG_INFORMATION_FORMAT = dwarf;
				ENABLE_STRICT_OBJC_MSGSEND = YES;
				ENABLE_TESTABILITY = YES;
				GCC_C_LANGUAGE_STANDARD = gnu99;
				GCC_DYNAMIC_NO_PIC = NO;
				GCC_NO_COMMON_BLOCKS = YES;
				GCC_OPTIMIZATION_LEVEL = 0;
				GCC_PREPROCESSOR_DEFINITIONS = (
					"DEBUG=1",
					"$(inherited)",
				);
				GCC_WARN_64_TO_32_BIT_CONVERSION = YES;
				GCC_WARN_ABOUT_RETURN_TYPE = YES_ERROR;
				GCC_WARN_UNDECLARED_SELECTOR = YES;
				GCC_WARN_UNINITIALIZED_AUTOS = YES_AGGRESSIVE;
				GCC_WARN_UNUSED_FUNCTION = YES;
				GCC_WARN_UNUSED_VARIABLE = YES;
				IPHONEOS_DEPLOYMENT_TARGET = 9.2;
				MTL_ENABLE_DEBUG_INFO = YES;
				ONLY_ACTIVE_ARCH = YES;
				SDKROOT = iphoneos;
				SWIFT_OPTIMIZATION_LEVEL = "-Onone";
				TARGETED_DEVICE_FAMILY = "1,2";
			};
			name = Debug;
		};
		18E935681CBE2AE300A97828 /* Release */ = {
			isa = XCBuildConfiguration;
			buildSettings = {
				ALWAYS_SEARCH_USER_PATHS = NO;
				CLANG_CXX_LANGUAGE_STANDARD = "gnu++0x";
				CLANG_CXX_LIBRARY = "libc++";
				CLANG_ENABLE_MODULES = YES;
				CLANG_ENABLE_OBJC_ARC = YES;
				CLANG_WARN_BOOL_CONVERSION = YES;
				CLANG_WARN_CONSTANT_CONVERSION = YES;
				CLANG_WARN_DIRECT_OBJC_ISA_USAGE = YES_ERROR;
				CLANG_WARN_EMPTY_BODY = YES;
				CLANG_WARN_ENUM_CONVERSION = YES;
				CLANG_WARN_INT_CONVERSION = YES;
				CLANG_WARN_OBJC_ROOT_CLASS = YES_ERROR;
				CLANG_WARN_UNREACHABLE_CODE = YES;
				CLANG_WARN__DUPLICATE_METHOD_MATCH = YES;
				"CODE_SIGN_IDENTITY[sdk=iphoneos*]" = "iPhone Developer";
				COPY_PHASE_STRIP = NO;
				DEBUG_INFORMATION_FORMAT = "dwarf-with-dsym";
				ENABLE_NS_ASSERTIONS = NO;
				ENABLE_STRICT_OBJC_MSGSEND = YES;
				GCC_C_LANGUAGE_STANDARD = gnu99;
				GCC_NO_COMMON_BLOCKS = YES;
				GCC_WARN_64_TO_32_BIT_CONVERSION = YES;
				GCC_WARN_ABOUT_RETURN_TYPE = YES_ERROR;
				GCC_WARN_UNDECLARED_SELECTOR = YES;
				GCC_WARN_UNINITIALIZED_AUTOS = YES_AGGRESSIVE;
				GCC_WARN_UNUSED_FUNCTION = YES;
				GCC_WARN_UNUSED_VARIABLE = YES;
				IPHONEOS_DEPLOYMENT_TARGET = 9.2;
				MTL_ENABLE_DEBUG_INFO = NO;
				SDKROOT = iphoneos;
				TARGETED_DEVICE_FAMILY = "1,2";
				VALIDATE_PRODUCT = YES;
			};
			name = Release;
		};
		18E9356A1CBE2AE300A97828 /* Debug */ = {
			isa = XCBuildConfiguration;
			baseConfigurationReference = CF2310E0AF4EE1BA639B2FCC /* Pods.debug.xcconfig */;
			buildSettings = {
				ASSETCATALOG_COMPILER_APPICON_NAME = AppIcon;
				INFOPLIST_FILE = MeiTuan/Info.plist;
				IPHONEOS_DEPLOYMENT_TARGET = 7.0;
				LD_RUNPATH_SEARCH_PATHS = "$(inherited) @executable_path/Frameworks";
				PRODUCT_BUNDLE_IDENTIFIER = Duxuechao.MeiTuan;
				PRODUCT_NAME = "$(TARGET_NAME)";
				SWIFT_OBJC_BRIDGING_HEADER = "MeiTuan/MeiTuan+bridging+Header.h";
				USER_HEADER_SEARCH_PATHS = "$(PODS_ROOT)";
			};
			name = Debug;
		};
		18E9356B1CBE2AE300A97828 /* Release */ = {
			isa = XCBuildConfiguration;
			baseConfigurationReference = E4466D0B634A32B39909AE91 /* Pods.release.xcconfig */;
			buildSettings = {
				ASSETCATALOG_COMPILER_APPICON_NAME = AppIcon;
				INFOPLIST_FILE = MeiTuan/Info.plist;
				IPHONEOS_DEPLOYMENT_TARGET = 7.0;
				LD_RUNPATH_SEARCH_PATHS = "$(inherited) @executable_path/Frameworks";
				PRODUCT_BUNDLE_IDENTIFIER = Duxuechao.MeiTuan;
				PRODUCT_NAME = "$(TARGET_NAME)";
				SWIFT_OBJC_BRIDGING_HEADER = "MeiTuan/MeiTuan+bridging+Header.h";
				USER_HEADER_SEARCH_PATHS = "$(PODS_ROOT)";
			};
			name = Release;
		};
		18E9356D1CBE2AE300A97828 /* Debug */ = {
			isa = XCBuildConfiguration;
			buildSettings = {
				BUNDLE_LOADER = "$(TEST_HOST)";
				INFOPLIST_FILE = MeiTuanTests/Info.plist;
				LD_RUNPATH_SEARCH_PATHS = "$(inherited) @executable_path/Frameworks @loader_path/Frameworks";
				PRODUCT_BUNDLE_IDENTIFIER = Duxuechao.MeiTuanTests;
				PRODUCT_NAME = "$(TARGET_NAME)";
				TEST_HOST = "$(BUILT_PRODUCTS_DIR)/MeiTuan.app/MeiTuan";
			};
			name = Debug;
		};
		18E9356E1CBE2AE300A97828 /* Release */ = {
			isa = XCBuildConfiguration;
			buildSettings = {
				BUNDLE_LOADER = "$(TEST_HOST)";
				INFOPLIST_FILE = MeiTuanTests/Info.plist;
				LD_RUNPATH_SEARCH_PATHS = "$(inherited) @executable_path/Frameworks @loader_path/Frameworks";
				PRODUCT_BUNDLE_IDENTIFIER = Duxuechao.MeiTuanTests;
				PRODUCT_NAME = "$(TARGET_NAME)";
				TEST_HOST = "$(BUILT_PRODUCTS_DIR)/MeiTuan.app/MeiTuan";
			};
			name = Release;
		};
		18E935701CBE2AE300A97828 /* Debug */ = {
			isa = XCBuildConfiguration;
			buildSettings = {
				INFOPLIST_FILE = MeiTuanUITests/Info.plist;
				LD_RUNPATH_SEARCH_PATHS = "$(inherited) @executable_path/Frameworks @loader_path/Frameworks";
				PRODUCT_BUNDLE_IDENTIFIER = Duxuechao.MeiTuanUITests;
				PRODUCT_NAME = "$(TARGET_NAME)";
				TEST_TARGET_NAME = MeiTuan;
				USES_XCTRUNNER = YES;
			};
			name = Debug;
		};
		18E935711CBE2AE300A97828 /* Release */ = {
			isa = XCBuildConfiguration;
			buildSettings = {
				INFOPLIST_FILE = MeiTuanUITests/Info.plist;
				LD_RUNPATH_SEARCH_PATHS = "$(inherited) @executable_path/Frameworks @loader_path/Frameworks";
				PRODUCT_BUNDLE_IDENTIFIER = Duxuechao.MeiTuanUITests;
				PRODUCT_NAME = "$(TARGET_NAME)";
				TEST_TARGET_NAME = MeiTuan;
				USES_XCTRUNNER = YES;
			};
			name = Release;
		};
/* End XCBuildConfiguration section */

/* Begin XCConfigurationList section */
		18E9353C1CBE2AE200A97828 /* Build configuration list for PBXProject "MeiTuan" */ = {
			isa = XCConfigurationList;
			buildConfigurations = (
				18E935671CBE2AE300A97828 /* Debug */,
				18E935681CBE2AE300A97828 /* Release */,
			);
			defaultConfigurationIsVisible = 0;
			defaultConfigurationName = Release;
		};
		18E935691CBE2AE300A97828 /* Build configuration list for PBXNativeTarget "MeiTuan" */ = {
			isa = XCConfigurationList;
			buildConfigurations = (
				18E9356A1CBE2AE300A97828 /* Debug */,
				18E9356B1CBE2AE300A97828 /* Release */,
			);
			defaultConfigurationIsVisible = 0;
			defaultConfigurationName = Release;
		};
		18E9356C1CBE2AE300A97828 /* Build configuration list for PBXNativeTarget "MeiTuanTests" */ = {
			isa = XCConfigurationList;
			buildConfigurations = (
				18E9356D1CBE2AE300A97828 /* Debug */,
				18E9356E1CBE2AE300A97828 /* Release */,
			);
			defaultConfigurationIsVisible = 0;
			defaultConfigurationName = Release;
		};
		18E9356F1CBE2AE300A97828 /* Build configuration list for PBXNativeTarget "MeiTuanUITests" */ = {
			isa = XCConfigurationList;
			buildConfigurations = (
				18E935701CBE2AE300A97828 /* Debug */,
				18E935711CBE2AE300A97828 /* Release */,
			);
			defaultConfigurationIsVisible = 0;
			defaultConfigurationName = Release;
		};
/* End XCConfigurationList section */
	};
	rootObject = 18E935391CBE2AE200A97828 /* Project object */;
}
